// !$*UTF8*$!
{
	archiveVersion = 1;
	classes = {
	};
	objectVersion = 51;
	objects = {

/* Begin PBXBuildFile section */
		0133457F2249731F006F96F0 /* AppDelegate.swift in Sources */ = {isa = PBXBuildFile; fileRef = 0133457E2249731F006F96F0 /* AppDelegate.swift */; };
		013345812249731F006F96F0 /* ViewController.swift in Sources */ = {isa = PBXBuildFile; fileRef = 013345802249731F006F96F0 /* ViewController.swift */; };
		013345842249731F006F96F0 /* Main.storyboard in Resources */ = {isa = PBXBuildFile; fileRef = 013345822249731F006F96F0 /* Main.storyboard */; };
		013345872249731F006F96F0 /* BIC.xcdatamodeld in Sources */ = {isa = PBXBuildFile; fileRef = 013345852249731F006F96F0 /* BIC.xcdatamodeld */; };
		0133458922497321006F96F0 /* Assets.xcassets in Resources */ = {isa = PBXBuildFile; fileRef = 0133458822497321006F96F0 /* Assets.xcassets */; };
		0133458C22497321006F96F0 /* LaunchScreen.storyboard in Resources */ = {isa = PBXBuildFile; fileRef = 0133458A22497321006F96F0 /* LaunchScreen.storyboard */; };
		0133459722497321006F96F0 /* BICTests.swift in Sources */ = {isa = PBXBuildFile; fileRef = 0133459622497321006F96F0 /* BICTests.swift */; };
		013345A222497321006F96F0 /* BICUITests.swift in Sources */ = {isa = PBXBuildFile; fileRef = 013345A122497321006F96F0 /* BICUITests.swift */; };
		013345BD224A77F9006F96F0 /* UIStoryboard.swift in Sources */ = {isa = PBXBuildFile; fileRef = 013345BC224A77F9006F96F0 /* UIStoryboard.swift */; };
		013345BF224AE1D0006F96F0 /* UIImageView.swift in Sources */ = {isa = PBXBuildFile; fileRef = 013345BE224AE1D0006F96F0 /* UIImageView.swift */; };
		013345C1224AF95C006F96F0 /* ViewController+TableView.swift in Sources */ = {isa = PBXBuildFile; fileRef = 013345C0224AF95C006F96F0 /* ViewController+TableView.swift */; };
		013345C4224BF88E006F96F0 /* mainTableViewCell.swift in Sources */ = {isa = PBXBuildFile; fileRef = 013345C3224BF88E006F96F0 /* mainTableViewCell.swift */; };
		013345C6224C0B41006F96F0 /* headerMainTableView.swift in Sources */ = {isa = PBXBuildFile; fileRef = 013345C5224C0B41006F96F0 /* headerMainTableView.swift */; };
		013345C8224C4F04006F96F0 /* UIButton.swift in Sources */ = {isa = PBXBuildFile; fileRef = 013345C7224C4F04006F96F0 /* UIButton.swift */; };
		013345CA224C53F3006F96F0 /* UIColor.swift in Sources */ = {isa = PBXBuildFile; fileRef = 013345C9224C53F3006F96F0 /* UIColor.swift */; };
		013345CF22511307006F96F0 /* mainCollectionViewCell.swift in Sources */ = {isa = PBXBuildFile; fileRef = 013345CE22511307006F96F0 /* mainCollectionViewCell.swift */; };
		01349A85228790E10075544C /* HostViewController.swift in Sources */ = {isa = PBXBuildFile; fileRef = 01349A84228790E10075544C /* HostViewController.swift */; };
		01349A87228792490075544C /* host.storyboard in Resources */ = {isa = PBXBuildFile; fileRef = 01349A86228792490075544C /* host.storyboard */; };
		013935412262C62000E32ECB /* announcementCollectionViewCell.swift in Sources */ = {isa = PBXBuildFile; fileRef = 013935402262C62000E32ECB /* announcementCollectionViewCell.swift */; };
		013935452263ABAB00E32ECB /* GoogleService-Info.plist in Resources */ = {isa = PBXBuildFile; fileRef = 013935442263ABAB00E32ECB /* GoogleService-Info.plist */; };
		013935472267BE9000E32ECB /* eventCollectionViewCell.swift in Sources */ = {isa = PBXBuildFile; fileRef = 013935462267BE9000E32ECB /* eventCollectionViewCell.swift */; };
		0139354A2267D2F800E32ECB /* UIView.swift in Sources */ = {isa = PBXBuildFile; fileRef = 013935492267D2F800E32ECB /* UIView.swift */; };
		013E0D2123650B510060B469 /* authViewController.swift in Sources */ = {isa = PBXBuildFile; fileRef = 013E0D2023650B510060B469 /* authViewController.swift */; };
		016456DF232881E300ED23F6 /* error.storyboard in Resources */ = {isa = PBXBuildFile; fileRef = 016456DE232881E300ED23F6 /* error.storyboard */; };
		016456E12328820200ED23F6 /* errorViewController.swift in Sources */ = {isa = PBXBuildFile; fileRef = 016456E02328820200ED23F6 /* errorViewController.swift */; };
		01713A0D2268E80A0008013E /* testimonyCollectionViewCell.swift in Sources */ = {isa = PBXBuildFile; fileRef = 01713A0C2268E80A0008013E /* testimonyCollectionViewCell.swift */; };
		01713A102268FC5C0008013E /* eventDetailViewController.swift in Sources */ = {isa = PBXBuildFile; fileRef = 01713A0F2268FC5C0008013E /* eventDetailViewController.swift */; };
		01713A12226901DD0008013E /* event.storyboard in Resources */ = {isa = PBXBuildFile; fileRef = 01713A11226901DD0008013E /* event.storyboard */; };
		01713A15226907C40008013E /* mainDetail.storyboard in Resources */ = {isa = PBXBuildFile; fileRef = 01713A14226907C40008013E /* mainDetail.storyboard */; };
		01713A172269080D0008013E /* mainDetailViewController.swift in Sources */ = {isa = PBXBuildFile; fileRef = 01713A162269080D0008013E /* mainDetailViewController.swift */; };
		01713A19226B5D260008013E /* announcement.swift in Sources */ = {isa = PBXBuildFile; fileRef = 01713A18226B5D260008013E /* announcement.swift */; };
		01713A1B226B5F0C0008013E /* devotional.swift in Sources */ = {isa = PBXBuildFile; fileRef = 01713A1A226B5F0C0008013E /* devotional.swift */; };
		01713A1D226B5FA00008013E /* testimony.swift in Sources */ = {isa = PBXBuildFile; fileRef = 01713A1C226B5FA00008013E /* testimony.swift */; };
		01713A1F226B601D0008013E /* event.swift in Sources */ = {isa = PBXBuildFile; fileRef = 01713A1E226B601D0008013E /* event.swift */; };
		01713A22226E80890008013E /* infoViewController.swift in Sources */ = {isa = PBXBuildFile; fileRef = 01713A21226E80890008013E /* infoViewController.swift */; };
		01713A24226E80BB0008013E /* info.storyboard in Resources */ = {isa = PBXBuildFile; fileRef = 01713A23226E80BB0008013E /* info.storyboard */; };
		0178D43A22F26F710057AD49 /* UILabel.swift in Sources */ = {isa = PBXBuildFile; fileRef = 0178D43922F26F710057AD49 /* UILabel.swift */; };
		018982B52357AA9400D199C0 /* NSMutableAttributedString.swift in Sources */ = {isa = PBXBuildFile; fileRef = 018982B42357AA9400D199C0 /* NSMutableAttributedString.swift */; };
		018B6ADE22A6C51900957EA0 /* settingTableViewCell.swift in Sources */ = {isa = PBXBuildFile; fileRef = 018B6ADD22A6C51900957EA0 /* settingTableViewCell.swift */; };
		018C371122FE45880058514C /* UITextField.swift in Sources */ = {isa = PBXBuildFile; fileRef = 018C371022FE45880058514C /* UITextField.swift */; };
		019B15B422753A6700FAD491 /* UITextView.swift in Sources */ = {isa = PBXBuildFile; fileRef = 019B15B322753A6700FAD491 /* UITextView.swift */; };
		019B15BC2283419500FAD491 /* menuTableViewController.swift in Sources */ = {isa = PBXBuildFile; fileRef = 019B15BB2283419500FAD491 /* menuTableViewController.swift */; };
		019B15BE2283427900FAD491 /* menu.storyboard in Resources */ = {isa = PBXBuildFile; fileRef = 019B15BD2283427900FAD491 /* menu.storyboard */; };
		019B15C02283433700FAD491 /* Storyboardable.swift in Sources */ = {isa = PBXBuildFile; fileRef = 019B15BF2283433700FAD491 /* Storyboardable.swift */; };
		019B15C22283500700FAD491 /* menuTableViewCell.swift in Sources */ = {isa = PBXBuildFile; fileRef = 019B15C12283500700FAD491 /* menuTableViewCell.swift */; };
		019B15CB2284DA4200FAD491 /* setting.storyboard in Resources */ = {isa = PBXBuildFile; fileRef = 019B15CA2284DA4200FAD491 /* setting.storyboard */; };
		019B15CD2284DA5B00FAD491 /* donation.storyboard in Resources */ = {isa = PBXBuildFile; fileRef = 019B15CC2284DA5B00FAD491 /* donation.storyboard */; };
		019B15D12284DA8000FAD491 /* schedule.storyboard in Resources */ = {isa = PBXBuildFile; fileRef = 019B15D02284DA8000FAD491 /* schedule.storyboard */; };
		019B15D32284DAB300FAD491 /* settingViewController.swift in Sources */ = {isa = PBXBuildFile; fileRef = 019B15D22284DAB300FAD491 /* settingViewController.swift */; };
		019B15D52284DAC800FAD491 /* donationViewController.swift in Sources */ = {isa = PBXBuildFile; fileRef = 019B15D42284DAC800FAD491 /* donationViewController.swift */; };
		019B15D72284DAD700FAD491 /* prayerViewController.swift in Sources */ = {isa = PBXBuildFile; fileRef = 019B15D62284DAD700FAD491 /* prayerViewController.swift */; };
		019B15D92284DAE800FAD491 /* scheduleViewController.swift in Sources */ = {isa = PBXBuildFile; fileRef = 019B15D82284DAE800FAD491 /* scheduleViewController.swift */; };
		019B15DB2284DDD100FAD491 /* prayer.storyboard in Resources */ = {isa = PBXBuildFile; fileRef = 019B15DA2284DDD100FAD491 /* prayer.storyboard */; };
		01D0D3A0230395B900AF32F9 /* aboutViewController.swift in Sources */ = {isa = PBXBuildFile; fileRef = 01D0D39F230395B900AF32F9 /* aboutViewController.swift */; };
		01D0D3A2230395CD00AF32F9 /* about.storyboard in Resources */ = {isa = PBXBuildFile; fileRef = 01D0D3A1230395CD00AF32F9 /* about.storyboard */; };
		01DD5F3F2361010B00E3FB5C /* auth.storyboard in Resources */ = {isa = PBXBuildFile; fileRef = 01DD5F3E2361010B00E3FB5C /* auth.storyboard */; };
		3B22878334575D3C50FC23D5 /* Pods_BICUITests.framework in Frameworks */ = {isa = PBXBuildFile; fileRef = 17A0E7E7A21F0D946010D76F /* Pods_BICUITests.framework */; };
		56BF3ED7F4FBFE49B50C1545 /* Pods_BIC.framework in Frameworks */ = {isa = PBXBuildFile; fileRef = 30EDC42D48E0414DB3A18861 /* Pods_BIC.framework */; };
		C4FB9D4B5FB83044BD4FA38D /* Pods_BICTests.framework in Frameworks */ = {isa = PBXBuildFile; fileRef = 8B49490EACBEBFA1D0ABFE87 /* Pods_BICTests.framework */; };
/* End PBXBuildFile section */

/* Begin PBXContainerItemProxy section */
		0133459322497321006F96F0 /* PBXContainerItemProxy */ = {
			isa = PBXContainerItemProxy;
			containerPortal = 013345732249731F006F96F0 /* Project object */;
			proxyType = 1;
			remoteGlobalIDString = 0133457A2249731F006F96F0;
			remoteInfo = BIC;
		};
		0133459E22497321006F96F0 /* PBXContainerItemProxy */ = {
			isa = PBXContainerItemProxy;
			containerPortal = 013345732249731F006F96F0 /* Project object */;
			proxyType = 1;
			remoteGlobalIDString = 0133457A2249731F006F96F0;
			remoteInfo = BIC;
		};
/* End PBXContainerItemProxy section */

/* Begin PBXFileReference section */
		0133457B2249731F006F96F0 /* BIC.app */ = {isa = PBXFileReference; explicitFileType = wrapper.application; includeInIndex = 0; path = BIC.app; sourceTree = BUILT_PRODUCTS_DIR; };
		0133457E2249731F006F96F0 /* AppDelegate.swift */ = {isa = PBXFileReference; lastKnownFileType = sourcecode.swift; path = AppDelegate.swift; sourceTree = "<group>"; };
		013345802249731F006F96F0 /* ViewController.swift */ = {isa = PBXFileReference; lastKnownFileType = sourcecode.swift; path = ViewController.swift; sourceTree = "<group>"; };
		013345832249731F006F96F0 /* Base */ = {isa = PBXFileReference; lastKnownFileType = file.storyboard; name = Base; path = Base.lproj/Main.storyboard; sourceTree = "<group>"; };
		013345862249731F006F96F0 /* BIC.xcdatamodel */ = {isa = PBXFileReference; lastKnownFileType = wrapper.xcdatamodel; path = BIC.xcdatamodel; sourceTree = "<group>"; };
		0133458822497321006F96F0 /* Assets.xcassets */ = {isa = PBXFileReference; lastKnownFileType = folder.assetcatalog; path = Assets.xcassets; sourceTree = "<group>"; };
		0133458B22497321006F96F0 /* Base */ = {isa = PBXFileReference; lastKnownFileType = file.storyboard; name = Base; path = Base.lproj/LaunchScreen.storyboard; sourceTree = "<group>"; };
		0133458D22497321006F96F0 /* Info.plist */ = {isa = PBXFileReference; lastKnownFileType = text.plist.xml; path = Info.plist; sourceTree = "<group>"; };
		0133459222497321006F96F0 /* BICTests.xctest */ = {isa = PBXFileReference; explicitFileType = wrapper.cfbundle; includeInIndex = 0; path = BICTests.xctest; sourceTree = BUILT_PRODUCTS_DIR; };
		0133459622497321006F96F0 /* BICTests.swift */ = {isa = PBXFileReference; lastKnownFileType = sourcecode.swift; path = BICTests.swift; sourceTree = "<group>"; };
		0133459822497321006F96F0 /* Info.plist */ = {isa = PBXFileReference; lastKnownFileType = text.plist.xml; path = Info.plist; sourceTree = "<group>"; };
		0133459D22497321006F96F0 /* BICUITests.xctest */ = {isa = PBXFileReference; explicitFileType = wrapper.cfbundle; includeInIndex = 0; path = BICUITests.xctest; sourceTree = BUILT_PRODUCTS_DIR; };
		013345A122497321006F96F0 /* BICUITests.swift */ = {isa = PBXFileReference; lastKnownFileType = sourcecode.swift; path = BICUITests.swift; sourceTree = "<group>"; };
		013345A322497321006F96F0 /* Info.plist */ = {isa = PBXFileReference; lastKnownFileType = text.plist.xml; path = Info.plist; sourceTree = "<group>"; };
		013345BC224A77F9006F96F0 /* UIStoryboard.swift */ = {isa = PBXFileReference; lastKnownFileType = sourcecode.swift; name = UIStoryboard.swift; path = BIC/Controllers/UIStoryboard.swift; sourceTree = SOURCE_ROOT; };
		013345BE224AE1D0006F96F0 /* UIImageView.swift */ = {isa = PBXFileReference; lastKnownFileType = sourcecode.swift; name = UIImageView.swift; path = BIC/Controllers/UIImageView.swift; sourceTree = SOURCE_ROOT; };
		013345C0224AF95C006F96F0 /* ViewController+TableView.swift */ = {isa = PBXFileReference; lastKnownFileType = sourcecode.swift; path = "ViewController+TableView.swift"; sourceTree = "<group>"; };
		013345C3224BF88E006F96F0 /* mainTableViewCell.swift */ = {isa = PBXFileReference; lastKnownFileType = sourcecode.swift; path = mainTableViewCell.swift; sourceTree = "<group>"; };
		013345C5224C0B41006F96F0 /* headerMainTableView.swift */ = {isa = PBXFileReference; lastKnownFileType = sourcecode.swift; path = headerMainTableView.swift; sourceTree = "<group>"; };
		013345C7224C4F04006F96F0 /* UIButton.swift */ = {isa = PBXFileReference; lastKnownFileType = sourcecode.swift; name = UIButton.swift; path = BIC/Helper/Extensions/UIButton.swift; sourceTree = SOURCE_ROOT; };
		013345C9224C53F3006F96F0 /* UIColor.swift */ = {isa = PBXFileReference; lastKnownFileType = sourcecode.swift; name = UIColor.swift; path = BIC/Helper/Extensions/UIColor.swift; sourceTree = SOURCE_ROOT; };
		013345CE22511307006F96F0 /* mainCollectionViewCell.swift */ = {isa = PBXFileReference; lastKnownFileType = sourcecode.swift; path = mainCollectionViewCell.swift; sourceTree = "<group>"; };
		01349A84228790E10075544C /* HostViewController.swift */ = {isa = PBXFileReference; lastKnownFileType = sourcecode.swift; path = HostViewController.swift; sourceTree = "<group>"; };
		01349A86228792490075544C /* host.storyboard */ = {isa = PBXFileReference; lastKnownFileType = file.storyboard; path = host.storyboard; sourceTree = "<group>"; };
		013935402262C62000E32ECB /* announcementCollectionViewCell.swift */ = {isa = PBXFileReference; lastKnownFileType = sourcecode.swift; path = announcementCollectionViewCell.swift; sourceTree = "<group>"; };
		013935442263ABAB00E32ECB /* GoogleService-Info.plist */ = {isa = PBXFileReference; fileEncoding = 4; lastKnownFileType = text.plist.xml; path = "GoogleService-Info.plist"; sourceTree = "<group>"; };
		013935462267BE9000E32ECB /* eventCollectionViewCell.swift */ = {isa = PBXFileReference; lastKnownFileType = sourcecode.swift; path = eventCollectionViewCell.swift; sourceTree = "<group>"; };
		013935492267D2F800E32ECB /* UIView.swift */ = {isa = PBXFileReference; lastKnownFileType = sourcecode.swift; path = UIView.swift; sourceTree = "<group>"; };
		013E0D2023650B510060B469 /* authViewController.swift */ = {isa = PBXFileReference; lastKnownFileType = sourcecode.swift; path = authViewController.swift; sourceTree = "<group>"; };
		016456DE232881E300ED23F6 /* error.storyboard */ = {isa = PBXFileReference; lastKnownFileType = file.storyboard; path = error.storyboard; sourceTree = "<group>"; };
		016456E02328820200ED23F6 /* errorViewController.swift */ = {isa = PBXFileReference; lastKnownFileType = sourcecode.swift; path = errorViewController.swift; sourceTree = "<group>"; };
		01713A0C2268E80A0008013E /* testimonyCollectionViewCell.swift */ = {isa = PBXFileReference; lastKnownFileType = sourcecode.swift; path = testimonyCollectionViewCell.swift; sourceTree = "<group>"; };
		01713A0F2268FC5C0008013E /* eventDetailViewController.swift */ = {isa = PBXFileReference; lastKnownFileType = sourcecode.swift; path = eventDetailViewController.swift; sourceTree = "<group>"; };
		01713A11226901DD0008013E /* event.storyboard */ = {isa = PBXFileReference; lastKnownFileType = file.storyboard; path = event.storyboard; sourceTree = "<group>"; };
		01713A14226907C40008013E /* mainDetail.storyboard */ = {isa = PBXFileReference; lastKnownFileType = file.storyboard; path = mainDetail.storyboard; sourceTree = "<group>"; };
		01713A162269080D0008013E /* mainDetailViewController.swift */ = {isa = PBXFileReference; lastKnownFileType = sourcecode.swift; path = mainDetailViewController.swift; sourceTree = "<group>"; };
		01713A18226B5D260008013E /* announcement.swift */ = {isa = PBXFileReference; lastKnownFileType = sourcecode.swift; path = announcement.swift; sourceTree = "<group>"; };
		01713A1A226B5F0C0008013E /* devotional.swift */ = {isa = PBXFileReference; lastKnownFileType = sourcecode.swift; path = devotional.swift; sourceTree = "<group>"; };
		01713A1C226B5FA00008013E /* testimony.swift */ = {isa = PBXFileReference; lastKnownFileType = sourcecode.swift; path = testimony.swift; sourceTree = "<group>"; };
		01713A1E226B601D0008013E /* event.swift */ = {isa = PBXFileReference; lastKnownFileType = sourcecode.swift; path = event.swift; sourceTree = "<group>"; };
		01713A21226E80890008013E /* infoViewController.swift */ = {isa = PBXFileReference; fileEncoding = 4; lastKnownFileType = sourcecode.swift; path = infoViewController.swift; sourceTree = "<group>"; };
		01713A23226E80BB0008013E /* info.storyboard */ = {isa = PBXFileReference; fileEncoding = 4; lastKnownFileType = file.storyboard; path = info.storyboard; sourceTree = "<group>"; };
		0178D43922F26F710057AD49 /* UILabel.swift */ = {isa = PBXFileReference; lastKnownFileType = sourcecode.swift; path = UILabel.swift; sourceTree = "<group>"; };
		018982B42357AA9400D199C0 /* NSMutableAttributedString.swift */ = {isa = PBXFileReference; lastKnownFileType = sourcecode.swift; path = NSMutableAttributedString.swift; sourceTree = "<group>"; };
		018B6ADD22A6C51900957EA0 /* settingTableViewCell.swift */ = {isa = PBXFileReference; lastKnownFileType = sourcecode.swift; path = settingTableViewCell.swift; sourceTree = "<group>"; };
		018C371022FE45880058514C /* UITextField.swift */ = {isa = PBXFileReference; lastKnownFileType = sourcecode.swift; path = UITextField.swift; sourceTree = "<group>"; };
		019B15B322753A6700FAD491 /* UITextView.swift */ = {isa = PBXFileReference; lastKnownFileType = sourcecode.swift; path = UITextView.swift; sourceTree = "<group>"; };
		019B15BB2283419500FAD491 /* menuTableViewController.swift */ = {isa = PBXFileReference; lastKnownFileType = sourcecode.swift; path = menuTableViewController.swift; sourceTree = "<group>"; };
		019B15BD2283427900FAD491 /* menu.storyboard */ = {isa = PBXFileReference; lastKnownFileType = file.storyboard; path = menu.storyboard; sourceTree = "<group>"; };
		019B15BF2283433700FAD491 /* Storyboardable.swift */ = {isa = PBXFileReference; lastKnownFileType = sourcecode.swift; path = Storyboardable.swift; sourceTree = "<group>"; };
		019B15C12283500700FAD491 /* menuTableViewCell.swift */ = {isa = PBXFileReference; lastKnownFileType = sourcecode.swift; path = menuTableViewCell.swift; sourceTree = "<group>"; };
		019B15CA2284DA4200FAD491 /* setting.storyboard */ = {isa = PBXFileReference; lastKnownFileType = file.storyboard; path = setting.storyboard; sourceTree = "<group>"; };
		019B15CC2284DA5B00FAD491 /* donation.storyboard */ = {isa = PBXFileReference; lastKnownFileType = file.storyboard; path = donation.storyboard; sourceTree = "<group>"; };
		019B15D02284DA8000FAD491 /* schedule.storyboard */ = {isa = PBXFileReference; lastKnownFileType = file.storyboard; path = schedule.storyboard; sourceTree = "<group>"; };
		019B15D22284DAB300FAD491 /* settingViewController.swift */ = {isa = PBXFileReference; lastKnownFileType = sourcecode.swift; path = settingViewController.swift; sourceTree = "<group>"; };
		019B15D42284DAC800FAD491 /* donationViewController.swift */ = {isa = PBXFileReference; lastKnownFileType = sourcecode.swift; path = donationViewController.swift; sourceTree = "<group>"; };
		019B15D62284DAD700FAD491 /* prayerViewController.swift */ = {isa = PBXFileReference; lastKnownFileType = sourcecode.swift; path = prayerViewController.swift; sourceTree = "<group>"; };
		019B15D82284DAE800FAD491 /* scheduleViewController.swift */ = {isa = PBXFileReference; lastKnownFileType = sourcecode.swift; path = scheduleViewController.swift; sourceTree = "<group>"; };
		019B15DA2284DDD100FAD491 /* prayer.storyboard */ = {isa = PBXFileReference; lastKnownFileType = file.storyboard; path = prayer.storyboard; sourceTree = "<group>"; };
		01D0D39F230395B900AF32F9 /* aboutViewController.swift */ = {isa = PBXFileReference; lastKnownFileType = sourcecode.swift; path = aboutViewController.swift; sourceTree = "<group>"; };
		01D0D3A1230395CD00AF32F9 /* about.storyboard */ = {isa = PBXFileReference; lastKnownFileType = file.storyboard; path = about.storyboard; sourceTree = "<group>"; };
		01DD5F3E2361010B00E3FB5C /* auth.storyboard */ = {isa = PBXFileReference; lastKnownFileType = file.storyboard; path = auth.storyboard; sourceTree = "<group>"; };
		17A0E7E7A21F0D946010D76F /* Pods_BICUITests.framework */ = {isa = PBXFileReference; explicitFileType = wrapper.framework; includeInIndex = 0; path = Pods_BICUITests.framework; sourceTree = BUILT_PRODUCTS_DIR; };
		30EDC42D48E0414DB3A18861 /* Pods_BIC.framework */ = {isa = PBXFileReference; explicitFileType = wrapper.framework; includeInIndex = 0; path = Pods_BIC.framework; sourceTree = BUILT_PRODUCTS_DIR; };
		44BF31E7184A723230837E6E /* Pods-BIC.debug.xcconfig */ = {isa = PBXFileReference; includeInIndex = 1; lastKnownFileType = text.xcconfig; name = "Pods-BIC.debug.xcconfig"; path = "Pods/Target Support Files/Pods-BIC/Pods-BIC.debug.xcconfig"; sourceTree = "<group>"; };
		630ADBA93D1AD462C4F39E3C /* Pods-BICTests.release.xcconfig */ = {isa = PBXFileReference; includeInIndex = 1; lastKnownFileType = text.xcconfig; name = "Pods-BICTests.release.xcconfig"; path = "Pods/Target Support Files/Pods-BICTests/Pods-BICTests.release.xcconfig"; sourceTree = "<group>"; };
		63CD4C89AD9935EC3376F1DC /* Pods-BICTests.debug.xcconfig */ = {isa = PBXFileReference; includeInIndex = 1; lastKnownFileType = text.xcconfig; name = "Pods-BICTests.debug.xcconfig"; path = "Pods/Target Support Files/Pods-BICTests/Pods-BICTests.debug.xcconfig"; sourceTree = "<group>"; };
		8B49490EACBEBFA1D0ABFE87 /* Pods_BICTests.framework */ = {isa = PBXFileReference; explicitFileType = wrapper.framework; includeInIndex = 0; path = Pods_BICTests.framework; sourceTree = BUILT_PRODUCTS_DIR; };
		8BD563D75E3AEE10E37FD36F /* Pods-BICUITests.debug.xcconfig */ = {isa = PBXFileReference; includeInIndex = 1; lastKnownFileType = text.xcconfig; name = "Pods-BICUITests.debug.xcconfig"; path = "Pods/Target Support Files/Pods-BICUITests/Pods-BICUITests.debug.xcconfig"; sourceTree = "<group>"; };
		A9CB2ECB9D32A5B61ADF3EA1 /* Pods-BIC.release.xcconfig */ = {isa = PBXFileReference; includeInIndex = 1; lastKnownFileType = text.xcconfig; name = "Pods-BIC.release.xcconfig"; path = "Pods/Target Support Files/Pods-BIC/Pods-BIC.release.xcconfig"; sourceTree = "<group>"; };
		EBA49EC1A54C6957E9FA40EE /* Pods-BICUITests.release.xcconfig */ = {isa = PBXFileReference; includeInIndex = 1; lastKnownFileType = text.xcconfig; name = "Pods-BICUITests.release.xcconfig"; path = "Pods/Target Support Files/Pods-BICUITests/Pods-BICUITests.release.xcconfig"; sourceTree = "<group>"; };
/* End PBXFileReference section */

/* Begin PBXFrameworksBuildPhase section */
		013345782249731F006F96F0 /* Frameworks */ = {
			isa = PBXFrameworksBuildPhase;
			buildActionMask = 2147483647;
			files = (
				56BF3ED7F4FBFE49B50C1545 /* Pods_BIC.framework in Frameworks */,
			);
			runOnlyForDeploymentPostprocessing = 0;
		};
		0133458F22497321006F96F0 /* Frameworks */ = {
			isa = PBXFrameworksBuildPhase;
			buildActionMask = 2147483647;
			files = (
				C4FB9D4B5FB83044BD4FA38D /* Pods_BICTests.framework in Frameworks */,
			);
			runOnlyForDeploymentPostprocessing = 0;
		};
		0133459A22497321006F96F0 /* Frameworks */ = {
			isa = PBXFrameworksBuildPhase;
			buildActionMask = 2147483647;
			files = (
				3B22878334575D3C50FC23D5 /* Pods_BICUITests.framework in Frameworks */,
			);
			runOnlyForDeploymentPostprocessing = 0;
		};
/* End PBXFrameworksBuildPhase section */

/* Begin PBXGroup section */
		013345722249731F006F96F0 = {
			isa = PBXGroup;
			children = (
				0133457D2249731F006F96F0 /* BIC */,
				0133459522497321006F96F0 /* BICTests */,
				013345A022497321006F96F0 /* BICUITests */,
				0133457C2249731F006F96F0 /* Products */,
				D5B495C06B90518FDE4D2131 /* Pods */,
				C6EC3F9830447A1C36999B2A /* Frameworks */,
			);
			sourceTree = "<group>";
		};
		0133457C2249731F006F96F0 /* Products */ = {
			isa = PBXGroup;
			children = (
				0133457B2249731F006F96F0 /* BIC.app */,
				0133459222497321006F96F0 /* BICTests.xctest */,
				0133459D22497321006F96F0 /* BICUITests.xctest */,
			);
			name = Products;
			sourceTree = "<group>";
		};
		0133457D2249731F006F96F0 /* BIC */ = {
			isa = PBXGroup;
			children = (
				0133457E2249731F006F96F0 /* AppDelegate.swift */,
				013345B2224974B5006F96F0 /* Controllers */,
				013345B122497427006F96F0 /* Supporting Files */,
				013345AF2249738A006F96F0 /* Helper */,
				013345B022497400006F96F0 /* Models */,
			);
			path = BIC;
			sourceTree = "<group>";
		};
		0133459522497321006F96F0 /* BICTests */ = {
			isa = PBXGroup;
			children = (
				0133459622497321006F96F0 /* BICTests.swift */,
				0133459822497321006F96F0 /* Info.plist */,
			);
			path = BICTests;
			sourceTree = "<group>";
		};
		013345A022497321006F96F0 /* BICUITests */ = {
			isa = PBXGroup;
			children = (
				013345A122497321006F96F0 /* BICUITests.swift */,
				013345A322497321006F96F0 /* Info.plist */,
			);
			path = BICUITests;
			sourceTree = "<group>";
		};
		013345AF2249738A006F96F0 /* Helper */ = {
			isa = PBXGroup;
			children = (
				013345B422497CF5006F96F0 /* Extensions */,
			);
			path = Helper;
			sourceTree = "<group>";
		};
		013345B022497400006F96F0 /* Models */ = {
			isa = PBXGroup;
			children = (
				013345852249731F006F96F0 /* BIC.xcdatamodeld */,
				01713A18226B5D260008013E /* announcement.swift */,
				01713A1A226B5F0C0008013E /* devotional.swift */,
				01713A1C226B5FA00008013E /* testimony.swift */,
				01713A1E226B601D0008013E /* event.swift */,
			);
			path = Models;
			sourceTree = "<group>";
		};
		013345B122497427006F96F0 /* Supporting Files */ = {
			isa = PBXGroup;
			children = (
				0133458822497321006F96F0 /* Assets.xcassets */,
				0133458A22497321006F96F0 /* LaunchScreen.storyboard */,
				0133458D22497321006F96F0 /* Info.plist */,
				013935442263ABAB00E32ECB /* GoogleService-Info.plist */,
			);
			path = "Supporting Files";
			sourceTree = "<group>";
		};
		013345B2224974B5006F96F0 /* Controllers */ = {
			isa = PBXGroup;
			children = (
				013345B322497C7F006F96F0 /* HostView */,
			);
			path = Controllers;
			sourceTree = "<group>";
		};
		013345B322497C7F006F96F0 /* HostView */ = {
			isa = PBXGroup;
			children = (
				013345822249731F006F96F0 /* Main.storyboard */,
				01349A84228790E10075544C /* HostViewController.swift */,
				019B15B622824A7300FAD491 /* SideMenu */,
				01DD5F3A2360FF2500E3FB5C /* Authentication */,
				01713A20226E7F5E0008013E /* Info */,
			);
			path = HostView;
			sourceTree = "<group>";
		};
		013345B422497CF5006F96F0 /* Extensions */ = {
			isa = PBXGroup;
			children = (
				013345BC224A77F9006F96F0 /* UIStoryboard.swift */,
				013345BE224AE1D0006F96F0 /* UIImageView.swift */,
				013345C7224C4F04006F96F0 /* UIButton.swift */,
				013345C9224C53F3006F96F0 /* UIColor.swift */,
				013935492267D2F800E32ECB /* UIView.swift */,
				019B15B322753A6700FAD491 /* UITextView.swift */,
				019B15BF2283433700FAD491 /* Storyboardable.swift */,
				0178D43922F26F710057AD49 /* UILabel.swift */,
				018C371022FE45880058514C /* UITextField.swift */,
				018982B42357AA9400D199C0 /* NSMutableAttributedString.swift */,
			);
			path = Extensions;
			sourceTree = "<group>";
		};
		013345C2224BF846006F96F0 /* TableView Cell */ = {
			isa = PBXGroup;
			children = (
				013345C5224C0B41006F96F0 /* headerMainTableView.swift */,
				013345C3224BF88E006F96F0 /* mainTableViewCell.swift */,
			);
			path = "TableView Cell";
			sourceTree = "<group>";
		};
		013345CB224EFABB006F96F0 /* Extensions */ = {
			isa = PBXGroup;
			children = (
				013345C0224AF95C006F96F0 /* ViewController+TableView.swift */,
			);
			path = Extensions;
			sourceTree = "<group>";
		};
		013935482267BF1700E32ECB /* CollectionView Cell */ = {
			isa = PBXGroup;
			children = (
				013935402262C62000E32ECB /* announcementCollectionViewCell.swift */,
				013935462267BE9000E32ECB /* eventCollectionViewCell.swift */,
				013345CE22511307006F96F0 /* mainCollectionViewCell.swift */,
				01713A0C2268E80A0008013E /* testimonyCollectionViewCell.swift */,
			);
			path = "CollectionView Cell";
			sourceTree = "<group>";
		};
		016456DD23287FDA00ED23F6 /* Error */ = {
			isa = PBXGroup;
			children = (
				016456DE232881E300ED23F6 /* error.storyboard */,
				016456E02328820200ED23F6 /* errorViewController.swift */,
			);
			path = Error;
			sourceTree = "<group>";
		};
		01713A0E2268EAA00008013E /* eventDetailView */ = {
			isa = PBXGroup;
			children = (
				01713A0F2268FC5C0008013E /* eventDetailViewController.swift */,
				01713A11226901DD0008013E /* event.storyboard */,
			);
			path = eventDetailView;
			sourceTree = "<group>";
		};
		01713A13226907720008013E /* mainDetailView */ = {
			isa = PBXGroup;
			children = (
				01713A14226907C40008013E /* mainDetail.storyboard */,
				01713A162269080D0008013E /* mainDetailViewController.swift */,
			);
			path = mainDetailView;
			sourceTree = "<group>";
		};
		01713A20226E7F5E0008013E /* Info */ = {
			isa = PBXGroup;
			children = (
				01713A23226E80BB0008013E /* info.storyboard */,
				01713A21226E80890008013E /* infoViewController.swift */,
			);
			path = Info;
			sourceTree = "<group>";
		};
		01804ABD229E16980084A48F /* Main */ = {
			isa = PBXGroup;
			children = (
				01349A86228792490075544C /* host.storyboard */,
				013345802249731F006F96F0 /* ViewController.swift */,
				013345C2224BF846006F96F0 /* TableView Cell */,
				013935482267BF1700E32ECB /* CollectionView Cell */,
				013345CB224EFABB006F96F0 /* Extensions */,
				01713A13226907720008013E /* mainDetailView */,
				01713A0E2268EAA00008013E /* eventDetailView */,
			);
			path = Main;
			sourceTree = "<group>";
		};
		019B15B622824A7300FAD491 /* SideMenu */ = {
			isa = PBXGroup;
			children = (
				019B15BD2283427900FAD491 /* menu.storyboard */,
				019B15BB2283419500FAD491 /* menuTableViewController.swift */,
				019B15C12283500700FAD491 /* menuTableViewCell.swift */,
				019B15C32283A40D00FAD491 /* menuCollectionController */,
			);
			path = SideMenu;
			sourceTree = "<group>";
		};
		019B15C32283A40D00FAD491 /* menuCollectionController */ = {
			isa = PBXGroup;
			children = (
				01804ABD229E16980084A48F /* Main */,
				019B15C62284B21700FAD491 /* Schedule */,
				019B15C72284B22300FAD491 /* Prayer */,
				019B15C82284B23800FAD491 /* Donation */,
				016456DD23287FDA00ED23F6 /* Error */,
				01D0D39E2303954200AF32F9 /* About */,
				019B15C92284B23E00FAD491 /* Setting */,
			);
			path = menuCollectionController;
			sourceTree = "<group>";
		};
		019B15C62284B21700FAD491 /* Schedule */ = {
			isa = PBXGroup;
			children = (
				019B15D02284DA8000FAD491 /* schedule.storyboard */,
				019B15D82284DAE800FAD491 /* scheduleViewController.swift */,
			);
			path = Schedule;
			sourceTree = "<group>";
		};
		019B15C72284B22300FAD491 /* Prayer */ = {
			isa = PBXGroup;
			children = (
				019B15DA2284DDD100FAD491 /* prayer.storyboard */,
				019B15D62284DAD700FAD491 /* prayerViewController.swift */,
			);
			path = Prayer;
			sourceTree = "<group>";
		};
		019B15C82284B23800FAD491 /* Donation */ = {
			isa = PBXGroup;
			children = (
				019B15CC2284DA5B00FAD491 /* donation.storyboard */,
				019B15D42284DAC800FAD491 /* donationViewController.swift */,
			);
			path = Donation;
			sourceTree = "<group>";
		};
		019B15C92284B23E00FAD491 /* Setting */ = {
			isa = PBXGroup;
			children = (
				019B15CA2284DA4200FAD491 /* setting.storyboard */,
				019B15D22284DAB300FAD491 /* settingViewController.swift */,
				018B6ADD22A6C51900957EA0 /* settingTableViewCell.swift */,
			);
			path = Setting;
			sourceTree = "<group>";
		};
		01D0D39E2303954200AF32F9 /* About */ = {
			isa = PBXGroup;
			children = (
				01D0D39F230395B900AF32F9 /* aboutViewController.swift */,
				01D0D3A1230395CD00AF32F9 /* about.storyboard */,
			);
			path = About;
			sourceTree = "<group>";
		};
		01DD5F3A2360FF2500E3FB5C /* Authentication */ = {
			isa = PBXGroup;
			children = (
				01DD5F3E2361010B00E3FB5C /* auth.storyboard */,
				013E0D2023650B510060B469 /* authViewController.swift */,
				01DD5F3C2360FFFC00E3FB5C /* SignOut */,
				01DD5F3B2360FFF100E3FB5C /* SignIn */,
			);
			path = Authentication;
			sourceTree = "<group>";
		};
		01DD5F3B2360FFF100E3FB5C /* SignIn */ = {
			isa = PBXGroup;
			children = (
			);
			path = SignIn;
			sourceTree = "<group>";
		};
		01DD5F3C2360FFFC00E3FB5C /* SignOut */ = {
			isa = PBXGroup;
			children = (
			);
			path = SignOut;
			sourceTree = "<group>";
		};
		C6EC3F9830447A1C36999B2A /* Frameworks */ = {
			isa = PBXGroup;
			children = (
				30EDC42D48E0414DB3A18861 /* Pods_BIC.framework */,
				8B49490EACBEBFA1D0ABFE87 /* Pods_BICTests.framework */,
				17A0E7E7A21F0D946010D76F /* Pods_BICUITests.framework */,
			);
			name = Frameworks;
			sourceTree = "<group>";
		};
		D5B495C06B90518FDE4D2131 /* Pods */ = {
			isa = PBXGroup;
			children = (
				44BF31E7184A723230837E6E /* Pods-BIC.debug.xcconfig */,
				A9CB2ECB9D32A5B61ADF3EA1 /* Pods-BIC.release.xcconfig */,
				63CD4C89AD9935EC3376F1DC /* Pods-BICTests.debug.xcconfig */,
				630ADBA93D1AD462C4F39E3C /* Pods-BICTests.release.xcconfig */,
				8BD563D75E3AEE10E37FD36F /* Pods-BICUITests.debug.xcconfig */,
				EBA49EC1A54C6957E9FA40EE /* Pods-BICUITests.release.xcconfig */,
			);
			name = Pods;
			sourceTree = "<group>";
		};
/* End PBXGroup section */

/* Begin PBXNativeTarget section */
		0133457A2249731F006F96F0 /* BIC */ = {
			isa = PBXNativeTarget;
			buildConfigurationList = 013345A622497321006F96F0 /* Build configuration list for PBXNativeTarget "BIC" */;
			buildPhases = (
				584CEA9A25274D2B75F609E8 /* [CP] Check Pods Manifest.lock */,
				013345772249731F006F96F0 /* Sources */,
				013345782249731F006F96F0 /* Frameworks */,
				013345792249731F006F96F0 /* Resources */,
				2125E2B6AEF2EE12571CFEA6 /* [CP] Embed Pods Frameworks */,
				8573E355067299E64238CBAA /* [CP] Copy Pods Resources */,
			);
			buildRules = (
			);
			dependencies = (
			);
			name = BIC;
			productName = BIC;
			productReference = 0133457B2249731F006F96F0 /* BIC.app */;
			productType = "com.apple.product-type.application";
		};
		0133459122497321006F96F0 /* BICTests */ = {
			isa = PBXNativeTarget;
			buildConfigurationList = 013345A922497321006F96F0 /* Build configuration list for PBXNativeTarget "BICTests" */;
			buildPhases = (
				AFB9A730D78A49ADA8B9146C /* [CP] Check Pods Manifest.lock */,
				0133458E22497321006F96F0 /* Sources */,
				0133458F22497321006F96F0 /* Frameworks */,
				0133459022497321006F96F0 /* Resources */,
			);
			buildRules = (
			);
			dependencies = (
				0133459422497321006F96F0 /* PBXTargetDependency */,
			);
			name = BICTests;
			productName = BICTests;
			productReference = 0133459222497321006F96F0 /* BICTests.xctest */;
			productType = "com.apple.product-type.bundle.unit-test";
		};
		0133459C22497321006F96F0 /* BICUITests */ = {
			isa = PBXNativeTarget;
			buildConfigurationList = 013345AC22497321006F96F0 /* Build configuration list for PBXNativeTarget "BICUITests" */;
			buildPhases = (
				269D748CC70C025703F11C79 /* [CP] Check Pods Manifest.lock */,
				0133459922497321006F96F0 /* Sources */,
				0133459A22497321006F96F0 /* Frameworks */,
				0133459B22497321006F96F0 /* Resources */,
			);
			buildRules = (
			);
			dependencies = (
				0133459F22497321006F96F0 /* PBXTargetDependency */,
			);
			name = BICUITests;
			productName = BICUITests;
			productReference = 0133459D22497321006F96F0 /* BICUITests.xctest */;
			productType = "com.apple.product-type.bundle.ui-testing";
		};
/* End PBXNativeTarget section */

/* Begin PBXProject section */
		013345732249731F006F96F0 /* Project object */ = {
			isa = PBXProject;
			attributes = {
				LastSwiftUpdateCheck = 1010;
				LastUpgradeCheck = 1010;
				ORGANIZATIONNAME = "Iwan Siauw";
				TargetAttributes = {
					0133457A2249731F006F96F0 = {
						CreatedOnToolsVersion = 10.1;
						LastSwiftMigration = 1030;
					};
					0133459122497321006F96F0 = {
						CreatedOnToolsVersion = 10.1;
						LastSwiftMigration = 1030;
						TestTargetID = 0133457A2249731F006F96F0;
					};
					0133459C22497321006F96F0 = {
						CreatedOnToolsVersion = 10.1;
						LastSwiftMigration = 1030;
						TestTargetID = 0133457A2249731F006F96F0;
					};
				};
			};
			buildConfigurationList = 013345762249731F006F96F0 /* Build configuration list for PBXProject "BIC" */;
			compatibilityVersion = "Xcode 9.3";
			developmentRegion = en;
			hasScannedForEncodings = 0;
			knownRegions = (
				en,
				Base,
			);
			mainGroup = 013345722249731F006F96F0;
			productRefGroup = 0133457C2249731F006F96F0 /* Products */;
			projectDirPath = "";
			projectRoot = "";
			targets = (
				0133457A2249731F006F96F0 /* BIC */,
				0133459122497321006F96F0 /* BICTests */,
				0133459C22497321006F96F0 /* BICUITests */,
			);
		};
/* End PBXProject section */

/* Begin PBXResourcesBuildPhase section */
		013345792249731F006F96F0 /* Resources */ = {
			isa = PBXResourcesBuildPhase;
			buildActionMask = 2147483647;
			files = (
				019B15CD2284DA5B00FAD491 /* donation.storyboard in Resources */,
				01713A24226E80BB0008013E /* info.storyboard in Resources */,
				0133458C22497321006F96F0 /* LaunchScreen.storyboard in Resources */,
				01349A87228792490075544C /* host.storyboard in Resources */,
				019B15DB2284DDD100FAD491 /* prayer.storyboard in Resources */,
				01DD5F3F2361010B00E3FB5C /* auth.storyboard in Resources */,
				019B15D12284DA8000FAD491 /* schedule.storyboard in Resources */,
				019B15CB2284DA4200FAD491 /* setting.storyboard in Resources */,
				01713A12226901DD0008013E /* event.storyboard in Resources */,
				016456DF232881E300ED23F6 /* error.storyboard in Resources */,
				019B15BE2283427900FAD491 /* menu.storyboard in Resources */,
				01713A15226907C40008013E /* mainDetail.storyboard in Resources */,
				013935452263ABAB00E32ECB /* GoogleService-Info.plist in Resources */,
				0133458922497321006F96F0 /* Assets.xcassets in Resources */,
				01D0D3A2230395CD00AF32F9 /* about.storyboard in Resources */,
				013345842249731F006F96F0 /* Main.storyboard in Resources */,
			);
			runOnlyForDeploymentPostprocessing = 0;
		};
		0133459022497321006F96F0 /* Resources */ = {
			isa = PBXResourcesBuildPhase;
			buildActionMask = 2147483647;
			files = (
			);
			runOnlyForDeploymentPostprocessing = 0;
		};
		0133459B22497321006F96F0 /* Resources */ = {
			isa = PBXResourcesBuildPhase;
			buildActionMask = 2147483647;
			files = (
			);
			runOnlyForDeploymentPostprocessing = 0;
		};
/* End PBXResourcesBuildPhase section */

/* Begin PBXShellScriptBuildPhase section */
		2125E2B6AEF2EE12571CFEA6 /* [CP] Embed Pods Frameworks */ = {
			isa = PBXShellScriptBuildPhase;
			buildActionMask = 2147483647;
			files = (
			);
			inputFileListPaths = (
				"${PODS_ROOT}/Target Support Files/Pods-BIC/Pods-BIC-frameworks-${CONFIGURATION}-input-files.xcfilelist",
			);
			name = "[CP] Embed Pods Frameworks";
			outputFileListPaths = (
				"${PODS_ROOT}/Target Support Files/Pods-BIC/Pods-BIC-frameworks-${CONFIGURATION}-output-files.xcfilelist",
			);
			runOnlyForDeploymentPostprocessing = 0;
			shellPath = /bin/sh;
			shellScript = "\"${PODS_ROOT}/Target Support Files/Pods-BIC/Pods-BIC-frameworks.sh\"\n";
			showEnvVarsInLog = 0;
		};
		269D748CC70C025703F11C79 /* [CP] Check Pods Manifest.lock */ = {
			isa = PBXShellScriptBuildPhase;
			buildActionMask = 2147483647;
			files = (
			);
			inputPaths = (
				"${PODS_PODFILE_DIR_PATH}/Podfile.lock",
				"${PODS_ROOT}/Manifest.lock",
			);
			name = "[CP] Check Pods Manifest.lock";
			outputPaths = (
				"$(DERIVED_FILE_DIR)/Pods-BICUITests-checkManifestLockResult.txt",
			);
			runOnlyForDeploymentPostprocessing = 0;
			shellPath = /bin/sh;
			shellScript = "diff \"${PODS_PODFILE_DIR_PATH}/Podfile.lock\" \"${PODS_ROOT}/Manifest.lock\" > /dev/null\nif [ $? != 0 ] ; then\n    # print error to STDERR\n    echo \"error: The sandbox is not in sync with the Podfile.lock. Run 'pod install' or update your CocoaPods installation.\" >&2\n    exit 1\nfi\n# This output is used by Xcode 'outputs' to avoid re-running this script phase.\necho \"SUCCESS\" > \"${SCRIPT_OUTPUT_FILE_0}\"\n";
			showEnvVarsInLog = 0;
		};
		584CEA9A25274D2B75F609E8 /* [CP] Check Pods Manifest.lock */ = {
			isa = PBXShellScriptBuildPhase;
			buildActionMask = 2147483647;
			files = (
			);
			inputPaths = (
				"${PODS_PODFILE_DIR_PATH}/Podfile.lock",
				"${PODS_ROOT}/Manifest.lock",
			);
			name = "[CP] Check Pods Manifest.lock";
			outputPaths = (
				"$(DERIVED_FILE_DIR)/Pods-BIC-checkManifestLockResult.txt",
			);
			runOnlyForDeploymentPostprocessing = 0;
			shellPath = /bin/sh;
			shellScript = "diff \"${PODS_PODFILE_DIR_PATH}/Podfile.lock\" \"${PODS_ROOT}/Manifest.lock\" > /dev/null\nif [ $? != 0 ] ; then\n    # print error to STDERR\n    echo \"error: The sandbox is not in sync with the Podfile.lock. Run 'pod install' or update your CocoaPods installation.\" >&2\n    exit 1\nfi\n# This output is used by Xcode 'outputs' to avoid re-running this script phase.\necho \"SUCCESS\" > \"${SCRIPT_OUTPUT_FILE_0}\"\n";
			showEnvVarsInLog = 0;
		};
		8573E355067299E64238CBAA /* [CP] Copy Pods Resources */ = {
			isa = PBXShellScriptBuildPhase;
			buildActionMask = 2147483647;
			files = (
			);
			inputFileListPaths = (
				"${PODS_ROOT}/Target Support Files/Pods-BIC/Pods-BIC-resources-${CONFIGURATION}-input-files.xcfilelist",
			);
			name = "[CP] Copy Pods Resources";
			outputFileListPaths = (
				"${PODS_ROOT}/Target Support Files/Pods-BIC/Pods-BIC-resources-${CONFIGURATION}-output-files.xcfilelist",
			);
			runOnlyForDeploymentPostprocessing = 0;
			shellPath = /bin/sh;
			shellScript = "\"${PODS_ROOT}/Target Support Files/Pods-BIC/Pods-BIC-resources.sh\"\n";
			showEnvVarsInLog = 0;
		};
		AFB9A730D78A49ADA8B9146C /* [CP] Check Pods Manifest.lock */ = {
			isa = PBXShellScriptBuildPhase;
			buildActionMask = 2147483647;
			files = (
			);
			inputPaths = (
				"${PODS_PODFILE_DIR_PATH}/Podfile.lock",
				"${PODS_ROOT}/Manifest.lock",
			);
			name = "[CP] Check Pods Manifest.lock";
			outputPaths = (
				"$(DERIVED_FILE_DIR)/Pods-BICTests-checkManifestLockResult.txt",
			);
			runOnlyForDeploymentPostprocessing = 0;
			shellPath = /bin/sh;
			shellScript = "diff \"${PODS_PODFILE_DIR_PATH}/Podfile.lock\" \"${PODS_ROOT}/Manifest.lock\" > /dev/null\nif [ $? != 0 ] ; then\n    # print error to STDERR\n    echo \"error: The sandbox is not in sync with the Podfile.lock. Run 'pod install' or update your CocoaPods installation.\" >&2\n    exit 1\nfi\n# This output is used by Xcode 'outputs' to avoid re-running this script phase.\necho \"SUCCESS\" > \"${SCRIPT_OUTPUT_FILE_0}\"\n";
			showEnvVarsInLog = 0;
		};
/* End PBXShellScriptBuildPhase section */

/* Begin PBXSourcesBuildPhase section */
		013345772249731F006F96F0 /* Sources */ = {
			isa = PBXSourcesBuildPhase;
			buildActionMask = 2147483647;
			files = (
				01713A102268FC5C0008013E /* eventDetailViewController.swift in Sources */,
				019B15B422753A6700FAD491 /* UITextView.swift in Sources */,
				0139354A2267D2F800E32ECB /* UIView.swift in Sources */,
				013345BD224A77F9006F96F0 /* UIStoryboard.swift in Sources */,
				018982B52357AA9400D199C0 /* NSMutableAttributedString.swift in Sources */,
				013345CA224C53F3006F96F0 /* UIColor.swift in Sources */,
				019B15D52284DAC800FAD491 /* donationViewController.swift in Sources */,
				01713A1B226B5F0C0008013E /* devotional.swift in Sources */,
				01713A19226B5D260008013E /* announcement.swift in Sources */,
				013345C6224C0B41006F96F0 /* headerMainTableView.swift in Sources */,
				013345CF22511307006F96F0 /* mainCollectionViewCell.swift in Sources */,
				013345872249731F006F96F0 /* BIC.xcdatamodeld in Sources */,
				01713A1D226B5FA00008013E /* testimony.swift in Sources */,
				013345BF224AE1D0006F96F0 /* UIImageView.swift in Sources */,
				018B6ADE22A6C51900957EA0 /* settingTableViewCell.swift in Sources */,
				01713A1F226B601D0008013E /* event.swift in Sources */,
				018C371122FE45880058514C /* UITextField.swift in Sources */,
				019B15C22283500700FAD491 /* menuTableViewCell.swift in Sources */,
				01349A85228790E10075544C /* HostViewController.swift in Sources */,
				01713A0D2268E80A0008013E /* testimonyCollectionViewCell.swift in Sources */,
				019B15D72284DAD700FAD491 /* prayerViewController.swift in Sources */,
				019B15D92284DAE800FAD491 /* scheduleViewController.swift in Sources */,
				013E0D2123650B510060B469 /* authViewController.swift in Sources */,
				013345C4224BF88E006F96F0 /* mainTableViewCell.swift in Sources */,
				019B15C02283433700FAD491 /* Storyboardable.swift in Sources */,
				013345812249731F006F96F0 /* ViewController.swift in Sources */,
				01D0D3A0230395B900AF32F9 /* aboutViewController.swift in Sources */,
				019B15D32284DAB300FAD491 /* settingViewController.swift in Sources */,
				0133457F2249731F006F96F0 /* AppDelegate.swift in Sources */,
				0178D43A22F26F710057AD49 /* UILabel.swift in Sources */,
				013345C8224C4F04006F96F0 /* UIButton.swift in Sources */,
				01713A22226E80890008013E /* infoViewController.swift in Sources */,
				01713A172269080D0008013E /* mainDetailViewController.swift in Sources */,
				013935472267BE9000E32ECB /* eventCollectionViewCell.swift in Sources */,
				013345C1224AF95C006F96F0 /* ViewController+TableView.swift in Sources */,
				016456E12328820200ED23F6 /* errorViewController.swift in Sources */,
				013935412262C62000E32ECB /* announcementCollectionViewCell.swift in Sources */,
				019B15BC2283419500FAD491 /* menuTableViewController.swift in Sources */,
			);
			runOnlyForDeploymentPostprocessing = 0;
		};
		0133458E22497321006F96F0 /* Sources */ = {
			isa = PBXSourcesBuildPhase;
			buildActionMask = 2147483647;
			files = (
				0133459722497321006F96F0 /* BICTests.swift in Sources */,
			);
			runOnlyForDeploymentPostprocessing = 0;
		};
		0133459922497321006F96F0 /* Sources */ = {
			isa = PBXSourcesBuildPhase;
			buildActionMask = 2147483647;
			files = (
				013345A222497321006F96F0 /* BICUITests.swift in Sources */,
			);
			runOnlyForDeploymentPostprocessing = 0;
		};
/* End PBXSourcesBuildPhase section */

/* Begin PBXTargetDependency section */
		0133459422497321006F96F0 /* PBXTargetDependency */ = {
			isa = PBXTargetDependency;
			target = 0133457A2249731F006F96F0 /* BIC */;
			targetProxy = 0133459322497321006F96F0 /* PBXContainerItemProxy */;
		};
		0133459F22497321006F96F0 /* PBXTargetDependency */ = {
			isa = PBXTargetDependency;
			target = 0133457A2249731F006F96F0 /* BIC */;
			targetProxy = 0133459E22497321006F96F0 /* PBXContainerItemProxy */;
		};
/* End PBXTargetDependency section */

/* Begin PBXVariantGroup section */
		013345822249731F006F96F0 /* Main.storyboard */ = {
			isa = PBXVariantGroup;
			children = (
				013345832249731F006F96F0 /* Base */,
			);
			name = Main.storyboard;
			sourceTree = "<group>";
		};
		0133458A22497321006F96F0 /* LaunchScreen.storyboard */ = {
			isa = PBXVariantGroup;
			children = (
				0133458B22497321006F96F0 /* Base */,
			);
			name = LaunchScreen.storyboard;
			sourceTree = "<group>";
		};
/* End PBXVariantGroup section */

/* Begin XCBuildConfiguration section */
		013345A422497321006F96F0 /* Debug */ = {
			isa = XCBuildConfiguration;
			buildSettings = {
				ALWAYS_SEARCH_USER_PATHS = NO;
				CLANG_ANALYZER_NONNULL = YES;
				CLANG_ANALYZER_NUMBER_OBJECT_CONVERSION = YES_AGGRESSIVE;
				CLANG_CXX_LANGUAGE_STANDARD = "gnu++14";
				CLANG_CXX_LIBRARY = "libc++";
				CLANG_ENABLE_MODULES = YES;
				CLANG_ENABLE_OBJC_ARC = YES;
				CLANG_ENABLE_OBJC_WEAK = YES;
				CLANG_WARN_BLOCK_CAPTURE_AUTORELEASING = YES;
				CLANG_WARN_BOOL_CONVERSION = YES;
				CLANG_WARN_COMMA = YES;
				CLANG_WARN_CONSTANT_CONVERSION = YES;
				CLANG_WARN_DEPRECATED_OBJC_IMPLEMENTATIONS = YES;
				CLANG_WARN_DIRECT_OBJC_ISA_USAGE = YES_ERROR;
				CLANG_WARN_DOCUMENTATION_COMMENTS = YES;
				CLANG_WARN_EMPTY_BODY = YES;
				CLANG_WARN_ENUM_CONVERSION = YES;
				CLANG_WARN_INFINITE_RECURSION = YES;
				CLANG_WARN_INT_CONVERSION = YES;
				CLANG_WARN_NON_LITERAL_NULL_CONVERSION = YES;
				CLANG_WARN_OBJC_IMPLICIT_RETAIN_SELF = YES;
				CLANG_WARN_OBJC_LITERAL_CONVERSION = YES;
				CLANG_WARN_OBJC_ROOT_CLASS = YES_ERROR;
				CLANG_WARN_RANGE_LOOP_ANALYSIS = YES;
				CLANG_WARN_STRICT_PROTOTYPES = YES;
				CLANG_WARN_SUSPICIOUS_MOVE = YES;
				CLANG_WARN_UNGUARDED_AVAILABILITY = YES_AGGRESSIVE;
				CLANG_WARN_UNREACHABLE_CODE = YES;
				CLANG_WARN__DUPLICATE_METHOD_MATCH = YES;
				CODE_SIGN_IDENTITY = "iPhone Developer";
				COPY_PHASE_STRIP = NO;
				DEBUG_INFORMATION_FORMAT = dwarf;
				ENABLE_STRICT_OBJC_MSGSEND = YES;
				ENABLE_TESTABILITY = YES;
				GCC_C_LANGUAGE_STANDARD = gnu11;
				GCC_DYNAMIC_NO_PIC = NO;
				GCC_NO_COMMON_BLOCKS = YES;
				GCC_OPTIMIZATION_LEVEL = 0;
				GCC_PREPROCESSOR_DEFINITIONS = (
					"DEBUG=1",
					"$(inherited)",
				);
				GCC_WARN_64_TO_32_BIT_CONVERSION = YES;
				GCC_WARN_ABOUT_RETURN_TYPE = YES_ERROR;
				GCC_WARN_UNDECLARED_SELECTOR = YES;
				GCC_WARN_UNINITIALIZED_AUTOS = YES_AGGRESSIVE;
				GCC_WARN_UNUSED_FUNCTION = YES;
				GCC_WARN_UNUSED_VARIABLE = YES;
				IPHONEOS_DEPLOYMENT_TARGET = 12.1;
				MTL_ENABLE_DEBUG_INFO = INCLUDE_SOURCE;
				MTL_FAST_MATH = YES;
				ONLY_ACTIVE_ARCH = YES;
				SDKROOT = iphoneos;
				SWIFT_ACTIVE_COMPILATION_CONDITIONS = DEBUG;
				SWIFT_OPTIMIZATION_LEVEL = "-Onone";
			};
			name = Debug;
		};
		013345A522497321006F96F0 /* Release */ = {
			isa = XCBuildConfiguration;
			buildSettings = {
				ALWAYS_SEARCH_USER_PATHS = NO;
				CLANG_ANALYZER_NONNULL = YES;
				CLANG_ANALYZER_NUMBER_OBJECT_CONVERSION = YES_AGGRESSIVE;
				CLANG_CXX_LANGUAGE_STANDARD = "gnu++14";
				CLANG_CXX_LIBRARY = "libc++";
				CLANG_ENABLE_MODULES = YES;
				CLANG_ENABLE_OBJC_ARC = YES;
				CLANG_ENABLE_OBJC_WEAK = YES;
				CLANG_WARN_BLOCK_CAPTURE_AUTORELEASING = YES;
				CLANG_WARN_BOOL_CONVERSION = YES;
				CLANG_WARN_COMMA = YES;
				CLANG_WARN_CONSTANT_CONVERSION = YES;
				CLANG_WARN_DEPRECATED_OBJC_IMPLEMENTATIONS = YES;
				CLANG_WARN_DIRECT_OBJC_ISA_USAGE = YES_ERROR;
				CLANG_WARN_DOCUMENTATION_COMMENTS = YES;
				CLANG_WARN_EMPTY_BODY = YES;
				CLANG_WARN_ENUM_CONVERSION = YES;
				CLANG_WARN_INFINITE_RECURSION = YES;
				CLANG_WARN_INT_CONVERSION = YES;
				CLANG_WARN_NON_LITERAL_NULL_CONVERSION = YES;
				CLANG_WARN_OBJC_IMPLICIT_RETAIN_SELF = YES;
				CLANG_WARN_OBJC_LITERAL_CONVERSION = YES;
				CLANG_WARN_OBJC_ROOT_CLASS = YES_ERROR;
				CLANG_WARN_RANGE_LOOP_ANALYSIS = YES;
				CLANG_WARN_STRICT_PROTOTYPES = YES;
				CLANG_WARN_SUSPICIOUS_MOVE = YES;
				CLANG_WARN_UNGUARDED_AVAILABILITY = YES_AGGRESSIVE;
				CLANG_WARN_UNREACHABLE_CODE = YES;
				CLANG_WARN__DUPLICATE_METHOD_MATCH = YES;
				CODE_SIGN_IDENTITY = "iPhone Developer";
				COPY_PHASE_STRIP = NO;
				DEBUG_INFORMATION_FORMAT = "dwarf-with-dsym";
				ENABLE_NS_ASSERTIONS = NO;
				ENABLE_STRICT_OBJC_MSGSEND = YES;
				GCC_C_LANGUAGE_STANDARD = gnu11;
				GCC_NO_COMMON_BLOCKS = YES;
				GCC_WARN_64_TO_32_BIT_CONVERSION = YES;
				GCC_WARN_ABOUT_RETURN_TYPE = YES_ERROR;
				GCC_WARN_UNDECLARED_SELECTOR = YES;
				GCC_WARN_UNINITIALIZED_AUTOS = YES_AGGRESSIVE;
				GCC_WARN_UNUSED_FUNCTION = YES;
				GCC_WARN_UNUSED_VARIABLE = YES;
				IPHONEOS_DEPLOYMENT_TARGET = 12.1;
				MTL_ENABLE_DEBUG_INFO = NO;
				MTL_FAST_MATH = YES;
				SDKROOT = iphoneos;
				SWIFT_COMPILATION_MODE = wholemodule;
				SWIFT_OPTIMIZATION_LEVEL = "-O";
				VALIDATE_PRODUCT = YES;
			};
			name = Release;
		};
		013345A722497321006F96F0 /* Debug */ = {
			isa = XCBuildConfiguration;
			baseConfigurationReference = 44BF31E7184A723230837E6E /* Pods-BIC.debug.xcconfig */;
			buildSettings = {
				ASSETCATALOG_COMPILER_APPICON_NAME = AppIcon;
				CODE_SIGN_STYLE = Automatic;
				DEVELOPMENT_TEAM = 5J5VKCJHB4;
				INFOPLIST_FILE = "$(SRCROOT)/BIC/Supporting Files/Info.plist";
				IPHONEOS_DEPLOYMENT_TARGET = 12.0;
				LD_RUNPATH_SEARCH_PATHS = (
					"$(inherited)",
					"@executable_path/Frameworks",
				);
				PRODUCT_BUNDLE_IDENTIFIER = "evans-company.BIC";
				PRODUCT_NAME = "$(TARGET_NAME)";
				SWIFT_VERSION = 4.2;
				TARGETED_DEVICE_FAMILY = 1;
			};
			name = Debug;
		};
		013345A822497321006F96F0 /* Release */ = {
			isa = XCBuildConfiguration;
			baseConfigurationReference = A9CB2ECB9D32A5B61ADF3EA1 /* Pods-BIC.release.xcconfig */;
			buildSettings = {
				ASSETCATALOG_COMPILER_APPICON_NAME = AppIcon;
				CODE_SIGN_STYLE = Automatic;
				DEVELOPMENT_TEAM = 5J5VKCJHB4;
				INFOPLIST_FILE = "$(SRCROOT)/BIC/Supporting Files/Info.plist";
				IPHONEOS_DEPLOYMENT_TARGET = 12.0;
				LD_RUNPATH_SEARCH_PATHS = (
					"$(inherited)",
					"@executable_path/Frameworks",
				);
				PRODUCT_BUNDLE_IDENTIFIER = "evans-company.BIC";
				PRODUCT_NAME = "$(TARGET_NAME)";
				SWIFT_VERSION = 4.2;
				TARGETED_DEVICE_FAMILY = 1;
			};
			name = Release;
		};
		013345AA22497321006F96F0 /* Debug */ = {
			isa = XCBuildConfiguration;
			baseConfigurationReference = 63CD4C89AD9935EC3376F1DC /* Pods-BICTests.debug.xcconfig */;
			buildSettings = {
				ALWAYS_EMBED_SWIFT_STANDARD_LIBRARIES = YES;
				BUNDLE_LOADER = "$(TEST_HOST)";
				CODE_SIGN_STYLE = Automatic;
				DEVELOPMENT_TEAM = 5J5VKCJHB4;
				INFOPLIST_FILE = BICTests/Info.plist;
				LD_RUNPATH_SEARCH_PATHS = (
					"$(inherited)",
					"@executable_path/Frameworks",
					"@loader_path/Frameworks",
				);
				PRODUCT_BUNDLE_IDENTIFIER = "evans-company.BICTests";
				PRODUCT_NAME = "$(TARGET_NAME)";
				SWIFT_VERSION = 5.0;
				TARGETED_DEVICE_FAMILY = "1,2";
				TEST_HOST = "$(BUILT_PRODUCTS_DIR)/BIC.app/BIC";
			};
			name = Debug;
		};
		013345AB22497321006F96F0 /* Release */ = {
			isa = XCBuildConfiguration;
			baseConfigurationReference = 630ADBA93D1AD462C4F39E3C /* Pods-BICTests.release.xcconfig */;
			buildSettings = {
				ALWAYS_EMBED_SWIFT_STANDARD_LIBRARIES = YES;
				BUNDLE_LOADER = "$(TEST_HOST)";
				CODE_SIGN_STYLE = Automatic;
				DEVELOPMENT_TEAM = 5J5VKCJHB4;
				INFOPLIST_FILE = BICTests/Info.plist;
				LD_RUNPATH_SEARCH_PATHS = (
					"$(inherited)",
					"@executable_path/Frameworks",
					"@loader_path/Frameworks",
				);
				PRODUCT_BUNDLE_IDENTIFIER = "evans-company.BICTests";
				PRODUCT_NAME = "$(TARGET_NAME)";
				SWIFT_VERSION = 5.0;
				TARGETED_DEVICE_FAMILY = "1,2";
				TEST_HOST = "$(BUILT_PRODUCTS_DIR)/BIC.app/BIC";
			};
			name = Release;
		};
		013345AD22497321006F96F0 /* Debug */ = {
			isa = XCBuildConfiguration;
			baseConfigurationReference = 8BD563D75E3AEE10E37FD36F /* Pods-BICUITests.debug.xcconfig */;
			buildSettings = {
				ALWAYS_EMBED_SWIFT_STANDARD_LIBRARIES = YES;
				CODE_SIGN_STYLE = Automatic;
				DEVELOPMENT_TEAM = 5J5VKCJHB4;
				INFOPLIST_FILE = BICUITests/Info.plist;
				LD_RUNPATH_SEARCH_PATHS = (
					"$(inherited)",
					"@executable_path/Frameworks",
					"@loader_path/Frameworks",
				);
				PRODUCT_BUNDLE_IDENTIFIER = "evans-company.BICUITests";
				PRODUCT_NAME = "$(TARGET_NAME)";
				SWIFT_VERSION = 5.0;
				TARGETED_DEVICE_FAMILY = "1,2";
				TEST_TARGET_NAME = BIC;
			};
			name = Debug;
		};
		013345AE22497321006F96F0 /* Release */ = {
			isa = XCBuildConfiguration;
			baseConfigurationReference = EBA49EC1A54C6957E9FA40EE /* Pods-BICUITests.release.xcconfig */;
			buildSettings = {
				ALWAYS_EMBED_SWIFT_STANDARD_LIBRARIES = YES;
				CODE_SIGN_STYLE = Automatic;
				DEVELOPMENT_TEAM = 5J5VKCJHB4;
				INFOPLIST_FILE = BICUITests/Info.plist;
				LD_RUNPATH_SEARCH_PATHS = (
					"$(inherited)",
					"@executable_path/Frameworks",
					"@loader_path/Frameworks",
				);
				PRODUCT_BUNDLE_IDENTIFIER = "evans-company.BICUITests";
				PRODUCT_NAME = "$(TARGET_NAME)";
				SWIFT_VERSION = 5.0;
				TARGETED_DEVICE_FAMILY = "1,2";
				TEST_TARGET_NAME = BIC;
			};
			name = Release;
		};
/* End XCBuildConfiguration section */

/* Begin XCConfigurationList section */
		013345762249731F006F96F0 /* Build configuration list for PBXProject "BIC" */ = {
			isa = XCConfigurationList;
			buildConfigurations = (
				013345A422497321006F96F0 /* Debug */,
				013345A522497321006F96F0 /* Release */,
			);
			defaultConfigurationIsVisible = 0;
			defaultConfigurationName = Release;
		};
		013345A622497321006F96F0 /* Build configuration list for PBXNativeTarget "BIC" */ = {
			isa = XCConfigurationList;
			buildConfigurations = (
				013345A722497321006F96F0 /* Debug */,
				013345A822497321006F96F0 /* Release */,
			);
			defaultConfigurationIsVisible = 0;
			defaultConfigurationName = Release;
		};
		013345A922497321006F96F0 /* Build configuration list for PBXNativeTarget "BICTests" */ = {
			isa = XCConfigurationList;
			buildConfigurations = (
				013345AA22497321006F96F0 /* Debug */,
				013345AB22497321006F96F0 /* Release */,
			);
			defaultConfigurationIsVisible = 0;
			defaultConfigurationName = Release;
		};
		013345AC22497321006F96F0 /* Build configuration list for PBXNativeTarget "BICUITests" */ = {
			isa = XCConfigurationList;
			buildConfigurations = (
				013345AD22497321006F96F0 /* Debug */,
				013345AE22497321006F96F0 /* Release */,
			);
			defaultConfigurationIsVisible = 0;
			defaultConfigurationName = Release;
		};
/* End XCConfigurationList section */

/* Begin XCVersionGroup section */
		013345852249731F006F96F0 /* BIC.xcdatamodeld */ = {
			isa = XCVersionGroup;
			children = (
				013345862249731F006F96F0 /* BIC.xcdatamodel */,
			);
			currentVersion = 013345862249731F006F96F0 /* BIC.xcdatamodel */;
			path = BIC.xcdatamodeld;
			sourceTree = "<group>";
			versionGroupType = wrapper.xcdatamodel;
		};
/* End XCVersionGroup section */
	};
	rootObject = 013345732249731F006F96F0 /* Project object */;
}
